<?xml version="1.0" encoding="UTF-8" standalone="yes" ?>
<CodeBlocks_project_file>
	<FileVersion major="1" minor="6" />
	<Project>
		<Option title="Design Patterns" />
		<Option pch_mode="2" />
		<Option compiler="gcc" />
		<Build>
			<Target title="Debug">
				<Option output="bin/Debug/Design Patterns" prefix_auto="1" extension_auto="1" />
				<Option object_output="obj/Debug/" />
				<Option type="1" />
				<Option compiler="gcc" />
				<Compiler>
					<Add option="-g" />
				</Compiler>
			</Target>
			<Target title="Release">
				<Option output="bin/Release/Design Patterns" prefix_auto="1" extension_auto="1" />
				<Option object_output="obj/Release/" />
				<Option type="1" />
				<Option compiler="gcc" />
				<Compiler>
					<Add option="-O2" />
				</Compiler>
				<Linker>
					<Add option="-s" />
				</Linker>
			</Target>
		</Build>
		<Compiler>
			<Add option="-Wall" />
			<Add option="-fexceptions" />
		</Compiler>
		<Unit filename="BusinessPublisher.cpp" />
		<Unit filename="BusinessPublisher.h" />
		<Unit filename="EmailSubscriber.cpp" />
		<Unit filename="EmailSubscriber.h" />
		<Unit filename="Game.h" />
		<Unit filename="NewsPublisher.cpp" />
		<Unit filename="NewsPublisher.h" />
		<Unit filename="NullSubscriber.cpp" />
		<Unit filename="NullSubscriber.h" />
		<Unit filename="PonyExpressSubscriber.cpp" />
		<Unit filename="PonyExpressSubscriber.h" />
		<Unit filename="PublisherTypes.c">
			<Option compilerVar="CC" />
		</Unit>
		<Unit filename="PublisherTypes.cpp" />
		<Unit filename="RealSubscriber.cpp" />
		<Unit filename="RealSubscriber.h" />
		<Unit filename="SMSSubscriber.cpp" />
		<Unit filename="SMSSubscriber.h" />
		<Unit filename="Subscriber.cpp" />
		<Unit filename="Subscriber.h" />
		<Unit filename="SubscriberTypes.h" />
		<Unit filename="main.cpp" />
		<Extensions>
			<code_completion />
			<envvars />
			<debugger />
		</Extensions>
	</Project>
</CodeBlocks_project_file>
